
Microsoft Visual Studio Solution File, Format Version 12.00
# Visual Studio 15
VisualStudioVersion = 15.0.28010.2026
MinimumVisualStudioVersion = 10.0.40219.1
Project("{FAE04EC0-301F-11D3-BF4B-00C04F79EFBC}") = "WebApplication5", "WebApplication5\WebApplication5.csproj", "{474BB4AE-12B5-4A16-9E68-7B58047606BD}"
EndProject
Global
	GlobalSection(SolutionConfigurationPlatforms) = preSolution
		Debug|Any CPU = Debug|Any CPU
		Release|Any CPU = Release|Any CPU
	EndGlobalSection
	GlobalSection(ProjectConfigurationPlatforms) = postSolution
		{474BB4AE-12B5-4A16-9E68-7B58047606BD}.Debug|Any CPU.ActiveCfg = Debug|Any CPU
		{474BB4AE-12B5-4A16-9E68-7B58047606BD}.Debug|Any CPU.Build.0 = Debug|Any CPU
		{474BB4AE-12B5-4A16-9E68-7B58047606BD}.Release|Any CPU.ActiveCfg = Release|Any CPU
		{474BB4AE-12B5-4A16-9E68-7B58047606BD}.Release|Any CPU.Build.0 = Release|Any CPU
	EndGlobalSection
	GlobalSection(SolutionProperties) = preSolution
		HideSolutionNode = FALSE
	EndGlobalSection
	GlobalSection(ExtensibilityGlobals) = postSolution
		SolutionGuid = {635BE2D0-F4A6-44B2-AE0C-4630F8A53DB0}
	EndGlobalSection
EndGlobal
